
Microsoft Visual Studio Solution File, Format Version 12.00
# Visual Studio Version 16
VisualStudioVersion = 16.0.31205.134
MinimumVisualStudioVersion = 10.0.40219.1
Project("{FAE04EC0-301F-11D3-BF4B-00C04F79EFBC}") = "RemeTask", "RemeTask\RemeTask.csproj", "{46DB8EBF-652B-40E2-935C-1C35931DD867}"
EndProject
Global
	GlobalSection(SolutionConfigurationPlatforms) = preSolution
		Debug|Any CPU = Debug|Any CPU
		Release|Any CPU = Release|Any CPU
	EndGlobalSection
	GlobalSection(ProjectConfigurationPlatforms) = postSolution
		{46DB8EBF-652B-40E2-935C-1C35931DD867}.Debug|Any CPU.ActiveCfg = Debug|Any CPU
		{46DB8EBF-652B-40E2-935C-1C35931DD867}.Debug|Any CPU.Build.0 = Debug|Any CPU
		{46DB8EBF-652B-40E2-935C-1C35931DD867}.Release|Any CPU.ActiveCfg = Release|Any CPU
		{46DB8EBF-652B-40E2-935C-1C35931DD867}.Release|Any CPU.Build.0 = Release|Any CPU
	EndGlobalSection
	GlobalSection(SolutionProperties) = preSolution
		HideSolutionNode = FALSE
	EndGlobalSection
	GlobalSection(ExtensibilityGlobals) = postSolution
		SolutionGuid = {FA502313-EF52-459F-9561-A5C896675CA0}
	EndGlobalSection
EndGlobal
